
Microsoft Visual Studio Solution File, Format Version 12.00
# Visual Studio 15
VisualStudioVersion = 15.0.27004.2009
MinimumVisualStudioVersion = 10.0.40219.1
Project("{FAE04EC0-301F-11D3-BF4B-00C04F79EFBC}") = "Uppgift1", "Uppgift1\Uppgift1.csproj", "{8F0A598F-6CC8-4049-B123-160BACE8D796}"
EndProject
Global
	GlobalSection(SolutionConfigurationPlatforms) = preSolution
		Debug|Any CPU = Debug|Any CPU
		Release|Any CPU = Release|Any CPU
	EndGlobalSection
	GlobalSection(ProjectConfigurationPlatforms) = postSolution
		{8F0A598F-6CC8-4049-B123-160BACE8D796}.Debug|Any CPU.ActiveCfg = Debug|Any CPU
		{8F0A598F-6CC8-4049-B123-160BACE8D796}.Debug|Any CPU.Build.0 = Debug|Any CPU
		{8F0A598F-6CC8-4049-B123-160BACE8D796}.Release|Any CPU.ActiveCfg = Release|Any CPU
		{8F0A598F-6CC8-4049-B123-160BACE8D796}.Release|Any CPU.Build.0 = Release|Any CPU
	EndGlobalSection
	GlobalSection(SolutionProperties) = preSolution
		HideSolutionNode = FALSE
	EndGlobalSection
	GlobalSection(ExtensibilityGlobals) = postSolution
		SolutionGuid = {3CFFAA87-1B61-4B66-8DE2-05CFDD24951B}
	EndGlobalSection
EndGlobal
